
Microsoft Visual Studio Solution File, Format Version 12.00
# Visual Studio Version 17
VisualStudioVersion = 17.0.31903.59
MinimumVisualStudioVersion = 10.0.40219.1
Project("{2150E333-8FDC-42A3-9474-1A3956D46DE8}") = "02 - Application", "02 - Application", "{D2810934-3B4F-4ABF-9F77-2ECC06E64E87}"
EndProject
Project("{2150E333-8FDC-42A3-9474-1A3956D46DE8}") = "03 - Domain", "03 - Domain", "{90E91B07-3644-42F0-B744-BAD99FFB37F2}"
EndProject
Project("{2150E333-8FDC-42A3-9474-1A3956D46DE8}") = "04 - Infrastructure", "04 - Infrastructure", "{12A2BEA6-F4E1-4CA2-8E81-B5B6530C5A84}"
EndProject
Project("{2150E333-8FDC-42A3-9474-1A3956D46DE8}") = "01 - Presentation", "01 - Presentation", "{14D7D097-CFD3-4787-89F2-4D6FB5DA7525}"
EndProject
Project("{2150E333-8FDC-42A3-9474-1A3956D46DE8}") = "05 - Tests", "05 - Tests", "{0E900D4E-0D2C-4315-9784-DA88150231DD}"
EndProject
Project("{2150E333-8FDC-42A3-9474-1A3956D46DE8}") = "4.1 - Data", "4.1 - Data", "{732B0427-8BEB-4097-A005-82E3014F77BE}"
EndProject
Project("{2150E333-8FDC-42A3-9474-1A3956D46DE8}") = "4.3 - CrossCutting", "4.3 - CrossCutting", "{A54F47AF-4C1A-4FDF-8757-C17EDCAC4D12}"
EndProject
Project("{9A19103F-16F7-4668-BE54-9A1E7A4F7556}") = "Domain.Core", "03 - Domain\Domain.Core\Domain.Core.csproj", "{C35D7A69-A045-4409-9B14-9F185F43FC98}"
EndProject
Project("{9A19103F-16F7-4668-BE54-9A1E7A4F7556}") = "Data.SQLServer", "04 - Infrastructure\4.1 - Data\Data.SQLServer\Data.SQLServer.csproj", "{C9B7E06E-E2E6-4C73-B264-E2BB708A2011}"
EndProject
Project("{2150E333-8FDC-42A3-9474-1A3956D46DE8}") = "4.2 - Messaging", "4.2 - Messaging", "{D6109C4D-13FD-4477-9C06-C6E264C880DC}"
EndProject
Project("{2150E333-8FDC-42A3-9474-1A3956D46DE8}") = "4.4 - HealthChecks", "4.4 - HealthChecks", "{BDD91F61-F55A-4657-9FEB-37AFAD431399}"
EndProject
Project("{9A19103F-16F7-4668-BE54-9A1E7A4F7556}") = "Application", "02 - Application\Application\Application.csproj", "{5AEC3C85-E8A1-49F2-870E-B0C29C931960}"
EndProject
Project("{9A19103F-16F7-4668-BE54-9A1E7A4F7556}") = "IOC", "04 - Infrastructure\4.3 - CrossCutting\IOC\IOC.csproj", "{F8180818-1E9F-4AC3-A23D-491361F6F28E}"
EndProject
Project("{9A19103F-16F7-4668-BE54-9A1E7A4F7556}") = "Messaging.RabbitMQ", "04 - Infrastructure\4.2 - Messaging\Messaging.RabbitMQ\Messaging.RabbitMQ.csproj", "{D7550358-B365-4D26-BF64-54D3661A2128}"
EndProject
Project("{2150E333-8FDC-42A3-9474-1A3956D46DE8}") = "API", "API", "{27826AFE-4651-4C50-ACF3-A8F3363F3BEC}"
EndProject
Project("{2150E333-8FDC-42A3-9474-1A3956D46DE8}") = "WorkerService", "WorkerService", "{392FED43-DA0A-48FC-B52C-7A7A3B1178F2}"
EndProject
Project("{9A19103F-16F7-4668-BE54-9A1E7A4F7556}") = "WebAPI", "01 - Presentation\API\WebAPI\WebAPI.csproj", "{633A2640-12C1-454B-B4E7-DDE74A8A6257}"
EndProject
Project("{9A19103F-16F7-4668-BE54-9A1E7A4F7556}") = "Domain.Contract", "03 - Domain\Domain.Contract\Domain.Contract.csproj", "{1D33961B-9B6B-4BF0-849F-A7E4D9AF8F95}"
EndProject
Project("{FAE04EC0-301F-11D3-BF4B-00C04F79EFBC}") = "Data.Repository", "04 - Infrastructure\4.1 - Data\Data.Repository\Data.Repository.csproj", "{0862489B-2F8C-47A8-92B1-A341A00D0049}"
EndProject
Project("{9A19103F-16F7-4668-BE54-9A1E7A4F7556}") = "Worker.Service.RabbitMQ", "01 - Presentation\WorkerService\Worker.Service.RabbitMQ\Worker.Service.RabbitMQ.csproj", "{9F9BF759-A82E-4788-B00F-39226C43E786}"
EndProject
Project("{FAE04EC0-301F-11D3-BF4B-00C04F79EFBC}") = "Application.Services", "02 - Application\Application.Services\Application.Services.csproj", "{F46DBF65-A12C-49D2-84B9-B76433A3193E}"
EndProject
Global
	GlobalSection(SolutionConfigurationPlatforms) = preSolution
		Debug|Any CPU = Debug|Any CPU
		Release|Any CPU = Release|Any CPU
	EndGlobalSection
	GlobalSection(ProjectConfigurationPlatforms) = postSolution
		{C35D7A69-A045-4409-9B14-9F185F43FC98}.Debug|Any CPU.ActiveCfg = Debug|Any CPU
		{C35D7A69-A045-4409-9B14-9F185F43FC98}.Debug|Any CPU.Build.0 = Debug|Any CPU
		{C35D7A69-A045-4409-9B14-9F185F43FC98}.Release|Any CPU.ActiveCfg = Release|Any CPU
		{C35D7A69-A045-4409-9B14-9F185F43FC98}.Release|Any CPU.Build.0 = Release|Any CPU
		{C9B7E06E-E2E6-4C73-B264-E2BB708A2011}.Debug|Any CPU.ActiveCfg = Debug|Any CPU
		{C9B7E06E-E2E6-4C73-B264-E2BB708A2011}.Debug|Any CPU.Build.0 = Debug|Any CPU
		{C9B7E06E-E2E6-4C73-B264-E2BB708A2011}.Release|Any CPU.ActiveCfg = Release|Any CPU
		{C9B7E06E-E2E6-4C73-B264-E2BB708A2011}.Release|Any CPU.Build.0 = Release|Any CPU
		{5AEC3C85-E8A1-49F2-870E-B0C29C931960}.Debug|Any CPU.ActiveCfg = Debug|Any CPU
		{5AEC3C85-E8A1-49F2-870E-B0C29C931960}.Debug|Any CPU.Build.0 = Debug|Any CPU
		{5AEC3C85-E8A1-49F2-870E-B0C29C931960}.Release|Any CPU.ActiveCfg = Release|Any CPU
		{5AEC3C85-E8A1-49F2-870E-B0C29C931960}.Release|Any CPU.Build.0 = Release|Any CPU
		{F8180818-1E9F-4AC3-A23D-491361F6F28E}.Debug|Any CPU.ActiveCfg = Debug|Any CPU
		{F8180818-1E9F-4AC3-A23D-491361F6F28E}.Debug|Any CPU.Build.0 = Debug|Any CPU
		{F8180818-1E9F-4AC3-A23D-491361F6F28E}.Release|Any CPU.ActiveCfg = Release|Any CPU
		{F8180818-1E9F-4AC3-A23D-491361F6F28E}.Release|Any CPU.Build.0 = Release|Any CPU
		{D7550358-B365-4D26-BF64-54D3661A2128}.Debug|Any CPU.ActiveCfg = Debug|Any CPU
		{D7550358-B365-4D26-BF64-54D3661A2128}.Debug|Any CPU.Build.0 = Debug|Any CPU
		{D7550358-B365-4D26-BF64-54D3661A2128}.Release|Any CPU.ActiveCfg = Release|Any CPU
		{D7550358-B365-4D26-BF64-54D3661A2128}.Release|Any CPU.Build.0 = Release|Any CPU
		{633A2640-12C1-454B-B4E7-DDE74A8A6257}.Debug|Any CPU.ActiveCfg = Debug|Any CPU
		{633A2640-12C1-454B-B4E7-DDE74A8A6257}.Debug|Any CPU.Build.0 = Debug|Any CPU
		{633A2640-12C1-454B-B4E7-DDE74A8A6257}.Release|Any CPU.ActiveCfg = Release|Any CPU
		{633A2640-12C1-454B-B4E7-DDE74A8A6257}.Release|Any CPU.Build.0 = Release|Any CPU
		{1D33961B-9B6B-4BF0-849F-A7E4D9AF8F95}.Debug|Any CPU.ActiveCfg = Debug|Any CPU
		{1D33961B-9B6B-4BF0-849F-A7E4D9AF8F95}.Debug|Any CPU.Build.0 = Debug|Any CPU
		{1D33961B-9B6B-4BF0-849F-A7E4D9AF8F95}.Release|Any CPU.ActiveCfg = Release|Any CPU
		{1D33961B-9B6B-4BF0-849F-A7E4D9AF8F95}.Release|Any CPU.Build.0 = Release|Any CPU
		{0862489B-2F8C-47A8-92B1-A341A00D0049}.Debug|Any CPU.ActiveCfg = Debug|Any CPU
		{0862489B-2F8C-47A8-92B1-A341A00D0049}.Debug|Any CPU.Build.0 = Debug|Any CPU
		{0862489B-2F8C-47A8-92B1-A341A00D0049}.Release|Any CPU.ActiveCfg = Release|Any CPU
		{0862489B-2F8C-47A8-92B1-A341A00D0049}.Release|Any CPU.Build.0 = Release|Any CPU
		{9F9BF759-A82E-4788-B00F-39226C43E786}.Debug|Any CPU.ActiveCfg = Debug|Any CPU
		{9F9BF759-A82E-4788-B00F-39226C43E786}.Debug|Any CPU.Build.0 = Debug|Any CPU
		{9F9BF759-A82E-4788-B00F-39226C43E786}.Release|Any CPU.ActiveCfg = Release|Any CPU
		{9F9BF759-A82E-4788-B00F-39226C43E786}.Release|Any CPU.Build.0 = Release|Any CPU
		{F46DBF65-A12C-49D2-84B9-B76433A3193E}.Debug|Any CPU.ActiveCfg = Debug|Any CPU
		{F46DBF65-A12C-49D2-84B9-B76433A3193E}.Debug|Any CPU.Build.0 = Debug|Any CPU
		{F46DBF65-A12C-49D2-84B9-B76433A3193E}.Release|Any CPU.ActiveCfg = Release|Any CPU
		{F46DBF65-A12C-49D2-84B9-B76433A3193E}.Release|Any CPU.Build.0 = Release|Any CPU
	EndGlobalSection
	GlobalSection(SolutionProperties) = preSolution
		HideSolutionNode = FALSE
	EndGlobalSection
	GlobalSection(NestedProjects) = preSolution
		{732B0427-8BEB-4097-A005-82E3014F77BE} = {12A2BEA6-F4E1-4CA2-8E81-B5B6530C5A84}
		{A54F47AF-4C1A-4FDF-8757-C17EDCAC4D12} = {12A2BEA6-F4E1-4CA2-8E81-B5B6530C5A84}
		{C35D7A69-A045-4409-9B14-9F185F43FC98} = {90E91B07-3644-42F0-B744-BAD99FFB37F2}
		{C9B7E06E-E2E6-4C73-B264-E2BB708A2011} = {732B0427-8BEB-4097-A005-82E3014F77BE}
		{D6109C4D-13FD-4477-9C06-C6E264C880DC} = {12A2BEA6-F4E1-4CA2-8E81-B5B6530C5A84}
		{BDD91F61-F55A-4657-9FEB-37AFAD431399} = {12A2BEA6-F4E1-4CA2-8E81-B5B6530C5A84}
		{5AEC3C85-E8A1-49F2-870E-B0C29C931960} = {D2810934-3B4F-4ABF-9F77-2ECC06E64E87}
		{F8180818-1E9F-4AC3-A23D-491361F6F28E} = {A54F47AF-4C1A-4FDF-8757-C17EDCAC4D12}
		{D7550358-B365-4D26-BF64-54D3661A2128} = {D6109C4D-13FD-4477-9C06-C6E264C880DC}
		{27826AFE-4651-4C50-ACF3-A8F3363F3BEC} = {14D7D097-CFD3-4787-89F2-4D6FB5DA7525}
		{392FED43-DA0A-48FC-B52C-7A7A3B1178F2} = {14D7D097-CFD3-4787-89F2-4D6FB5DA7525}
		{633A2640-12C1-454B-B4E7-DDE74A8A6257} = {27826AFE-4651-4C50-ACF3-A8F3363F3BEC}
		{1D33961B-9B6B-4BF0-849F-A7E4D9AF8F95} = {90E91B07-3644-42F0-B744-BAD99FFB37F2}
		{0862489B-2F8C-47A8-92B1-A341A00D0049} = {732B0427-8BEB-4097-A005-82E3014F77BE}
		{9F9BF759-A82E-4788-B00F-39226C43E786} = {392FED43-DA0A-48FC-B52C-7A7A3B1178F2}
		{F46DBF65-A12C-49D2-84B9-B76433A3193E} = {D2810934-3B4F-4ABF-9F77-2ECC06E64E87}
	EndGlobalSection
	GlobalSection(ExtensibilityGlobals) = postSolution
		SolutionGuid = {5472CBC8-D375-447C-B6C3-6E037CD58DD8}
	EndGlobalSection
EndGlobal
